
Microsoft Visual Studio Solution File, Format Version 12.00
# Visual Studio Version 17
VisualStudioVersion = 17.7.34031.279
MinimumVisualStudioVersion = 10.0.40219.1
Project("{FAE04EC0-301F-11D3-BF4B-00C04F79EFBC}") = "PruebaTecnicaApiRest", "PruebaTecnicaApiRest.csproj", "{B1A5EC87-88BA-498B-AE38-4B127CA7270C}"
EndProject
Global
	GlobalSection(SolutionConfigurationPlatforms) = preSolution
		Debug|Any CPU = Debug|Any CPU
		Release|Any CPU = Release|Any CPU
	EndGlobalSection
	GlobalSection(ProjectConfigurationPlatforms) = postSolution
		{B1A5EC87-88BA-498B-AE38-4B127CA7270C}.Debug|Any CPU.ActiveCfg = Debug|Any CPU
		{B1A5EC87-88BA-498B-AE38-4B127CA7270C}.Debug|Any CPU.Build.0 = Debug|Any CPU
		{B1A5EC87-88BA-498B-AE38-4B127CA7270C}.Release|Any CPU.ActiveCfg = Release|Any CPU
		{B1A5EC87-88BA-498B-AE38-4B127CA7270C}.Release|Any CPU.Build.0 = Release|Any CPU
	EndGlobalSection
	GlobalSection(SolutionProperties) = preSolution
		HideSolutionNode = FALSE
	EndGlobalSection
	GlobalSection(ExtensibilityGlobals) = postSolution
		SolutionGuid = {4D9840C9-D764-4743-B381-AAC5499E3B7C}
	EndGlobalSection
EndGlobal
